
Microsoft Visual Studio Solution File, Format Version 12.00
# Visual Studio Version 17
VisualStudioVersion = 17.0.32014.148
MinimumVisualStudioVersion = 10.0.40219.1
Project("{FAE04EC0-301F-11D3-BF4B-00C04F79EFBC}") = "Lightning Grabber", "Lightning Grabber\Lightning Grabber.csproj", "{B1F6E7EC-142F-407A-8946-A79DF92251EE}"
EndProject
Global
	GlobalSection(SolutionConfigurationPlatforms) = preSolution
		Debug|Any CPU = Debug|Any CPU
		Release|Any CPU = Release|Any CPU
	EndGlobalSection
	GlobalSection(ProjectConfigurationPlatforms) = postSolution
		{B1F6E7EC-142F-407A-8946-A79DF92251EE}.Debug|Any CPU.ActiveCfg = Debug|Any CPU
		{B1F6E7EC-142F-407A-8946-A79DF92251EE}.Debug|Any CPU.Build.0 = Debug|Any CPU
		{B1F6E7EC-142F-407A-8946-A79DF92251EE}.Release|Any CPU.ActiveCfg = Release|Any CPU
		{B1F6E7EC-142F-407A-8946-A79DF92251EE}.Release|Any CPU.Build.0 = Release|Any CPU
	EndGlobalSection
	GlobalSection(SolutionProperties) = preSolution
		HideSolutionNode = FALSE
	EndGlobalSection
	GlobalSection(ExtensibilityGlobals) = postSolution
		SolutionGuid = {A31BAC40-248A-434D-964C-D636E0FC8998}
	EndGlobalSection
EndGlobal
